
Microsoft Visual Studio Solution File, Format Version 12.00
# Visual Studio Version 17
VisualStudioVersion = 17.7.34009.444
MinimumVisualStudioVersion = 10.0.40219.1
Project("{FAE04EC0-301F-11D3-BF4B-00C04F79EFBC}") = "GenericsAssignment", "GenericsAssignment.csproj", "{94ED1006-B2B6-4589-8CF9-B8D3DD008011}"
EndProject
Global
	GlobalSection(SolutionConfigurationPlatforms) = preSolution
		Debug|Any CPU = Debug|Any CPU
		Release|Any CPU = Release|Any CPU
	EndGlobalSection
	GlobalSection(ProjectConfigurationPlatforms) = postSolution
		{94ED1006-B2B6-4589-8CF9-B8D3DD008011}.Debug|Any CPU.ActiveCfg = Debug|Any CPU
		{94ED1006-B2B6-4589-8CF9-B8D3DD008011}.Debug|Any CPU.Build.0 = Debug|Any CPU
		{94ED1006-B2B6-4589-8CF9-B8D3DD008011}.Release|Any CPU.ActiveCfg = Release|Any CPU
		{94ED1006-B2B6-4589-8CF9-B8D3DD008011}.Release|Any CPU.Build.0 = Release|Any CPU
	EndGlobalSection
	GlobalSection(SolutionProperties) = preSolution
		HideSolutionNode = FALSE
	EndGlobalSection
	GlobalSection(ExtensibilityGlobals) = postSolution
		SolutionGuid = {8DA8F88C-99B5-4D67-A297-031B1323BB21}
	EndGlobalSection
EndGlobal
